{
  "name": "energiefeld-animationen",
  "version": "2.3.0",
  "lockfileVersion": 3,
  "requires": true,
  "packages": {
    "": {
      "name": "energiefeld-animationen",
      "version": "2.3.0",
      "license": "MIT",
      "dependencies": {
        "@quievreux/ui": "^0.1.1"
      },
      "engines": {
        "node": ">=20.9.0"
      }
    },
    "node_modules/@quievreux/ui": {
      "version": "0.1.1",
      "resolved": "https://npm.pkg.github.com/download/@quievreux/ui/0.1.1/be28976d1d8bd0e85286d52694ed1006fd4a6d0a",
      "integrity": "sha512-qginA03MyrikPNGCPnTWq7PC/O8SA4T8MTbrCx1qB42FpOv/AMJevCnHKO6RMizoLyIqVZQsbr8dBAHmNtU2Eg==",
      "license": "UNLICENSED",
      "peerDependencies": {
        "lucide-react": ">=0.400.0",
        "react": ">=18.0.0",
        "react-dom": ">=18.0.0"
      }
    }
  }
}
