{
    "name": "energiefeld-animationen",
    "version": "2.2.0",
    "lockfileVersion": 3,
    "requires": true,
    "packages": {
        "": {
            "name": "energiefeld-animationen",
            "version": "2.2.0",
            "license": "MIT",
            "devDependencies": {},
            "engines": {
                "node": ">=14.0.0"
            }
        }
    }
}
